
Microsoft Visual Studio Solution File, Format Version 12.00
# Visual Studio Version 16
VisualStudioVersion = 16.0.31605.320
MinimumVisualStudioVersion = 10.0.40219.1
Project("{888888A0-9F3D-457C-B088-3A5042F75D52}") = "Collat Conjecture POC Python", "Collat Conjecture POC Python.pyproj", "{7F60B6D4-0A7F-4AAE-82C4-A1F73B563D72}"
EndProject
Global
	GlobalSection(SolutionConfigurationPlatforms) = preSolution
		Debug|Any CPU = Debug|Any CPU
		Release|Any CPU = Release|Any CPU
	EndGlobalSection
	GlobalSection(ProjectConfigurationPlatforms) = postSolution
		{7F60B6D4-0A7F-4AAE-82C4-A1F73B563D72}.Debug|Any CPU.ActiveCfg = Debug|Any CPU
		{7F60B6D4-0A7F-4AAE-82C4-A1F73B563D72}.Release|Any CPU.ActiveCfg = Release|Any CPU
	EndGlobalSection
	GlobalSection(SolutionProperties) = preSolution
		HideSolutionNode = FALSE
	EndGlobalSection
	GlobalSection(ExtensibilityGlobals) = postSolution
		SolutionGuid = {E6606E85-0DBF-46EF-9F30-4868EBE90CA5}
	EndGlobalSection
EndGlobal
